
Microsoft Visual Studio Solution File, Format Version 12.00
# Visual Studio Version 17
VisualStudioVersion = 17.10.35004.147
MinimumVisualStudioVersion = 10.0.40219.1
Project("{9A19103F-16F7-4668-BE54-9A1E7A4F7556}") = "Sandbox.db", "Sandbox.db\Sandbox.db.csproj", "{0B047D85-B6DD-4C77-B928-68F1F878B7D6}"
EndProject
Project("{9A19103F-16F7-4668-BE54-9A1E7A4F7556}") = "Sandbox.api", "Sandbox.api\Sandbox.api.csproj", "{9F088375-137D-4307-A436-8F1A5D486F9B}"
EndProject
Global
	GlobalSection(SolutionConfigurationPlatforms) = preSolution
		Debug|Any CPU = Debug|Any CPU
		Release|Any CPU = Release|Any CPU
	EndGlobalSection
	GlobalSection(ProjectConfigurationPlatforms) = postSolution
		{0B047D85-B6DD-4C77-B928-68F1F878B7D6}.Debug|Any CPU.ActiveCfg = Debug|Any CPU
		{0B047D85-B6DD-4C77-B928-68F1F878B7D6}.Debug|Any CPU.Build.0 = Debug|Any CPU
		{0B047D85-B6DD-4C77-B928-68F1F878B7D6}.Release|Any CPU.ActiveCfg = Release|Any CPU
		{0B047D85-B6DD-4C77-B928-68F1F878B7D6}.Release|Any CPU.Build.0 = Release|Any CPU
		{9F088375-137D-4307-A436-8F1A5D486F9B}.Debug|Any CPU.ActiveCfg = Debug|Any CPU
		{9F088375-137D-4307-A436-8F1A5D486F9B}.Debug|Any CPU.Build.0 = Debug|Any CPU
		{9F088375-137D-4307-A436-8F1A5D486F9B}.Release|Any CPU.ActiveCfg = Release|Any CPU
		{9F088375-137D-4307-A436-8F1A5D486F9B}.Release|Any CPU.Build.0 = Release|Any CPU
	EndGlobalSection
	GlobalSection(SolutionProperties) = preSolution
		HideSolutionNode = FALSE
	EndGlobalSection
	GlobalSection(ExtensibilityGlobals) = postSolution
		SolutionGuid = {B1624E53-357B-4F11-82DE-7CE20BAC411F}
	EndGlobalSection
EndGlobal
